{
  "name": "cheerp-meta",
  "lockfileVersion": 3,
  "requires": true,
  "packages": {
    "": {
      "name": "cheerp-meta",
      "workspaces": [
        "packages/*"
      ],
      "devDependencies": {
        "prettier": "^3.0.0"
      }
    },
    "node_modules/@leaningtech/cheerp-darwin-x64": {
      "resolved": "packages/cheerp-darwin-x64",
      "link": true
    },
    "node_modules/@leaningtech/cheerp-win32-x64": {
      "resolved": "packages/cheerp-win32-x64",
      "link": true
    },
    "node_modules/b4a": {
      "version": "1.6.4",
      "license": "ISC"
    },
    "node_modules/cheerp": {
      "resolved": "packages/cheerp",
      "link": true
    },
    "node_modules/cross-spawn": {
      "version": "7.0.3",
      "license": "MIT",
      "dependencies": {
        "path-key": "^3.1.0",
        "shebang-command": "^2.0.0",
        "which": "^2.0.1"
      },
      "engines": {
        "node": ">= 8"
      }
    },
    "node_modules/end-of-stream": {
      "version": "1.4.4",
      "license": "MIT",
      "dependencies": {
        "once": "^1.4.0"
      }
    },
    "node_modules/execa": {
      "version": "7.2.0",
      "license": "MIT",
      "dependencies": {
        "cross-spawn": "^7.0.3",
        "get-stream": "^6.0.1",
        "human-signals": "^4.3.0",
        "is-stream": "^3.0.0",
        "merge-stream": "^2.0.0",
        "npm-run-path": "^5.1.0",
        "onetime": "^6.0.0",
        "signal-exit": "^3.0.7",
        "strip-final-newline": "^3.0.0"
      },
      "engines": {
        "node": "^14.18.0 || ^16.14.0 || >=18.0.0"
      },
      "funding": {
        "url": "https://github.com/sindresorhus/execa?sponsor=1"
      }
    },
    "node_modules/fast-fifo": {
      "version": "1.3.2",
      "license": "MIT"
    },
    "node_modules/get-stream": {
      "version": "6.0.1",
      "license": "MIT",
      "engines": {
        "node": ">=10"
      },
      "funding": {
        "url": "https://github.com/sponsors/sindresorhus"
      }
    },
    "node_modules/human-signals": {
      "version": "4.3.1",
      "license": "Apache-2.0",
      "engines": {
        "node": ">=14.18.0"
      }
    },
    "node_modules/is-stream": {
      "version": "3.0.0",
      "license": "MIT",
      "engines": {
        "node": "^12.20.0 || ^14.13.1 || >=16.0.0"
      },
      "funding": {
        "url": "https://github.com/sponsors/sindresorhus"
      }
    },
    "node_modules/isexe": {
      "version": "2.0.0",
      "license": "ISC"
    },
    "node_modules/merge-stream": {
      "version": "2.0.0",
      "license": "MIT"
    },
    "node_modules/mimic-fn": {
      "version": "4.0.0",
      "license": "MIT",
      "engines": {
        "node": ">=12"
      },
      "funding": {
        "url": "https://github.com/sponsors/sindresorhus"
      }
    },
    "node_modules/mkdirp-classic": {
      "version": "0.5.3",
      "license": "MIT"
    },
    "node_modules/npm-run-path": {
      "version": "5.1.0",
      "license": "MIT",
      "dependencies": {
        "path-key": "^4.0.0"
      },
      "engines": {
        "node": "^12.20.0 || ^14.13.1 || >=16.0.0"
      },
      "funding": {
        "url": "https://github.com/sponsors/sindresorhus"
      }
    },
    "node_modules/npm-run-path/node_modules/path-key": {
      "version": "4.0.0",
      "license": "MIT",
      "engines": {
        "node": ">=12"
      },
      "funding": {
        "url": "https://github.com/sponsors/sindresorhus"
      }
    },
    "node_modules/once": {
      "version": "1.4.0",
      "license": "ISC",
      "dependencies": {
        "wrappy": "1"
      }
    },
    "node_modules/onetime": {
      "version": "6.0.0",
      "license": "MIT",
      "dependencies": {
        "mimic-fn": "^4.0.0"
      },
      "engines": {
        "node": ">=12"
      },
      "funding": {
        "url": "https://github.com/sponsors/sindresorhus"
      }
    },
    "node_modules/path-key": {
      "version": "3.1.1",
      "license": "MIT",
      "engines": {
        "node": ">=8"
      }
    },
    "node_modules/prettier": {
      "version": "3.0.0",
      "dev": true,
      "license": "MIT",
      "bin": {
        "prettier": "bin/prettier.cjs"
      },
      "engines": {
        "node": ">=14"
      },
      "funding": {
        "url": "https://github.com/prettier/prettier?sponsor=1"
      }
    },
    "node_modules/pump": {
      "version": "3.0.0",
      "license": "MIT",
      "dependencies": {
        "end-of-stream": "^1.1.0",
        "once": "^1.3.1"
      }
    },
    "node_modules/queue-tick": {
      "version": "1.0.1",
      "license": "MIT"
    },
    "node_modules/shebang-command": {
      "version": "2.0.0",
      "license": "MIT",
      "dependencies": {
        "shebang-regex": "^3.0.0"
      },
      "engines": {
        "node": ">=8"
      }
    },
    "node_modules/shebang-regex": {
      "version": "3.0.0",
      "license": "MIT",
      "engines": {
        "node": ">=8"
      }
    },
    "node_modules/signal-exit": {
      "version": "3.0.7",
      "license": "ISC"
    },
    "node_modules/streamx": {
      "version": "2.15.1",
      "license": "MIT",
      "dependencies": {
        "fast-fifo": "^1.1.0",
        "queue-tick": "^1.0.1"
      }
    },
    "node_modules/strip-final-newline": {
      "version": "3.0.0",
      "license": "MIT",
      "engines": {
        "node": ">=12"
      },
      "funding": {
        "url": "https://github.com/sponsors/sindresorhus"
      }
    },
    "node_modules/tar-fs": {
      "version": "3.0.4",
      "license": "MIT",
      "dependencies": {
        "mkdirp-classic": "^0.5.2",
        "pump": "^3.0.0",
        "tar-stream": "^3.1.5"
      }
    },
    "node_modules/tar-stream": {
      "version": "3.1.6",
      "license": "MIT",
      "dependencies": {
        "b4a": "^1.6.4",
        "fast-fifo": "^1.2.0",
        "streamx": "^2.15.0"
      }
    },
    "node_modules/which": {
      "version": "2.0.2",
      "license": "ISC",
      "dependencies": {
        "isexe": "^2.0.0"
      },
      "bin": {
        "node-which": "bin/node-which"
      },
      "engines": {
        "node": ">= 8"
      }
    },
    "node_modules/wrappy": {
      "version": "1.0.2",
      "license": "ISC"
    },
    "packages/cheerp": {
      "version": "3.0.0-rc.2",
      "hasInstallScript": true,
      "license": "Apache-2.0 WITH LLVM-exception",
      "dependencies": {
        "execa": "^7.2.0"
      },
      "bin": {
        "cheerp": "bin/cheerp.mjs"
      },
      "engines": {
        "node": ">=18.0.0"
      },
      "optionalDependencies": {
        "@leaningtech/cheerp-darwin-x64": "^3.0.0-rc.2",
        "@leaningtech/cheerp-win32-x64": "^3.0.0-rc.2"
      }
    },
    "packages/cheerp-darwin-x64": {
      "name": "@leaningtech/cheerp-darwin-x64",
      "version": "3.0.0-rc.2",
      "cpu": [
        "x64",
        "arm64"
      ],
      "hasInstallScript": true,
      "license": "Apache-2.0 WITH LLVM-exception",
      "os": [
        "darwin"
      ],
      "dependencies": {
        "tar-fs": "^3.0.4"
      }
    },
    "packages/cheerp-win32-x64": {
      "name": "@leaningtech/cheerp-win32-x64",
      "version": "3.0.0-rc.2",
      "cpu": [
        "x64"
      ],
      "hasInstallScript": true,
      "license": "Apache-2.0 WITH LLVM-exception",
      "os": [
        "win32"
      ],
      "dependencies": {
        "tar-fs": "^3.0.4"
      }
    }
  }
}
